
Microsoft Visual Studio Solution File, Format Version 12.00
# Visual Studio Version 17
VisualStudioVersion = 17.8.34525.116
MinimumVisualStudioVersion = 10.0.40219.1
Project("{FAE04EC0-301F-11D3-BF4B-00C04F79EFBC}") = "9_Access_Modifiers", "9_Access_Modifiers\9_Access_Modifiers.csproj", "{19F43633-811F-4AD8-AF85-E16286169511}"
EndProject
Global
	GlobalSection(SolutionConfigurationPlatforms) = preSolution
		Debug|Any CPU = Debug|Any CPU
		Release|Any CPU = Release|Any CPU
	EndGlobalSection
	GlobalSection(ProjectConfigurationPlatforms) = postSolution
		{19F43633-811F-4AD8-AF85-E16286169511}.Debug|Any CPU.ActiveCfg = Debug|Any CPU
		{19F43633-811F-4AD8-AF85-E16286169511}.Debug|Any CPU.Build.0 = Debug|Any CPU
		{19F43633-811F-4AD8-AF85-E16286169511}.Release|Any CPU.ActiveCfg = Release|Any CPU
		{19F43633-811F-4AD8-AF85-E16286169511}.Release|Any CPU.Build.0 = Release|Any CPU
	EndGlobalSection
	GlobalSection(SolutionProperties) = preSolution
		HideSolutionNode = FALSE
	EndGlobalSection
	GlobalSection(ExtensibilityGlobals) = postSolution
		SolutionGuid = {B7109653-13AB-42F4-84E0-0596D394C716}
	EndGlobalSection
EndGlobal
